# This file is automatically @generated by Cargo.
# It is not intended for manual editing.
version = 4

[[package]]
name = "sim-api"
version = "0.1.0"
dependencies = [
 "sim-core",
]

[[package]]
name = "sim-cli"
version = "0.1.0"
dependencies = [
 "sim-api",
]

[[package]]
name = "sim-core"
version = "0.1.0"
dependencies = [
 "sim-devices",
]

[[package]]
name = "sim-devices"
version = "0.1.0"
